{
  "name": "@learn-ui/components",
  "version": "1.0.0",
  "lockfileVersion": 1,
  "requires": true,
  "dependencies": {
    "@ctrl/tinycolor": {
      "version": "3.6.0"
    },
    "@vue/shared": {
      "version": "3.2.47",
      "resolved": "http://registry.npm.oa.com/@vue/shared/-/shared-3.2.47.tgz",
      "integrity": "sha512-BHGyyGN3Q97EZx0taMQ+OLNuZcW3d37ZEVmEAyeoA9ERdGvm9Irc/0Fua8SNyOtV1w6BS4q25wbMzJujO9HIfQ=="
    }
  }
}
